// !$*UTF8*$!
{
	archiveVersion = 1;
	classes = {
	};
	objectVersion = 50;
	objects = {

/* Begin PBXBuildFile section */
		483F81EC25FBDD30000FD899 /* LaunchScreen.storyboard in Resources */ = {isa = PBXBuildFile; fileRef = 4889CDEE25F11E7D0067F06B /* LaunchScreen.storyboard */; };
		48C9765B25F10E3F002215A0 /* AppDelegate.swift in Sources */ = {isa = PBXBuildFile; fileRef = 48C9765A25F10E3F002215A0 /* AppDelegate.swift */; };
		48C9765D25F10E3F002215A0 /* SceneDelegate.swift in Sources */ = {isa = PBXBuildFile; fileRef = 48C9765C25F10E3F002215A0 /* SceneDelegate.swift */; };
		48C9765F25F10E3F002215A0 /* ViewController.swift in Sources */ = {isa = PBXBuildFile; fileRef = 48C9765E25F10E3F002215A0 /* ViewController.swift */; };
		48C9766425F10E42002215A0 /* Assets.xcassets in Resources */ = {isa = PBXBuildFile; fileRef = 48C9766325F10E42002215A0 /* Assets.xcassets */; };
		48C9767225F10E42002215A0 /* ExampleProjectVIPTests.swift in Sources */ = {isa = PBXBuildFile; fileRef = 48C9767125F10E42002215A0 /* ExampleProjectVIPTests.swift */; };
		48C9767D25F10E42002215A0 /* ExampleProjectVIPUITests.swift in Sources */ = {isa = PBXBuildFile; fileRef = 48C9767C25F10E42002215A0 /* ExampleProjectVIPUITests.swift */; };
		48C9769725F111A3002215A0 /* ChangeColorView.swift in Sources */ = {isa = PBXBuildFile; fileRef = 48C9769625F111A3002215A0 /* ChangeColorView.swift */; };
		48C9769F25F111AB002215A0 /* ChangeColorViewController.swift in Sources */ = {isa = PBXBuildFile; fileRef = 48C9769E25F111AB002215A0 /* ChangeColorViewController.swift */; };
		48C976A425F111B6002215A0 /* ChangeColorInteractor.swift in Sources */ = {isa = PBXBuildFile; fileRef = 48C976A325F111B6002215A0 /* ChangeColorInteractor.swift */; };
		48C976A925F111BF002215A0 /* ChangeColorPresenter.swift in Sources */ = {isa = PBXBuildFile; fileRef = 48C976A825F111BF002215A0 /* ChangeColorPresenter.swift */; };
		48C976AE25F111CC002215A0 /* ChangeColorAssembler.swift in Sources */ = {isa = PBXBuildFile; fileRef = 48C976AD25F111CC002215A0 /* ChangeColorAssembler.swift */; };
		48C976B425F111FC002215A0 /* ChangeColorSceneModels.swift in Sources */ = {isa = PBXBuildFile; fileRef = 48C976B325F111FC002215A0 /* ChangeColorSceneModels.swift */; };
		48C976BE25F11342002215A0 /* CodedView.swift in Sources */ = {isa = PBXBuildFile; fileRef = 48C976BD25F11342002215A0 /* CodedView.swift */; };
/* End PBXBuildFile section */

/* Begin PBXContainerItemProxy section */
		48C9766E25F10E42002215A0 /* PBXContainerItemProxy */ = {
			isa = PBXContainerItemProxy;
			containerPortal = 48C9764F25F10E3F002215A0 /* Project object */;
			proxyType = 1;
			remoteGlobalIDString = 48C9765625F10E3F002215A0;
			remoteInfo = ExampleProjectVIP;
		};
		48C9767925F10E42002215A0 /* PBXContainerItemProxy */ = {
			isa = PBXContainerItemProxy;
			containerPortal = 48C9764F25F10E3F002215A0 /* Project object */;
			proxyType = 1;
			remoteGlobalIDString = 48C9765625F10E3F002215A0;
			remoteInfo = ExampleProjectVIP;
		};
/* End PBXContainerItemProxy section */

/* Begin PBXFileReference section */
		4889CDEE25F11E7D0067F06B /* LaunchScreen.storyboard */ = {isa = PBXFileReference; lastKnownFileType = file.storyboard; path = LaunchScreen.storyboard; sourceTree = "<group>"; };
		48C9765725F10E3F002215A0 /* ExampleProjectVIP.app */ = {isa = PBXFileReference; explicitFileType = wrapper.application; includeInIndex = 0; path = ExampleProjectVIP.app; sourceTree = BUILT_PRODUCTS_DIR; };
		48C9765A25F10E3F002215A0 /* AppDelegate.swift */ = {isa = PBXFileReference; lastKnownFileType = sourcecode.swift; path = AppDelegate.swift; sourceTree = "<group>"; };
		48C9765C25F10E3F002215A0 /* SceneDelegate.swift */ = {isa = PBXFileReference; lastKnownFileType = sourcecode.swift; path = SceneDelegate.swift; sourceTree = "<group>"; };
		48C9765E25F10E3F002215A0 /* ViewController.swift */ = {isa = PBXFileReference; lastKnownFileType = sourcecode.swift; path = ViewController.swift; sourceTree = "<group>"; };
		48C9766325F10E42002215A0 /* Assets.xcassets */ = {isa = PBXFileReference; lastKnownFileType = folder.assetcatalog; path = Assets.xcassets; sourceTree = "<group>"; };
		48C9766825F10E42002215A0 /* Info.plist */ = {isa = PBXFileReference; lastKnownFileType = text.plist.xml; path = Info.plist; sourceTree = "<group>"; };
		48C9766D25F10E42002215A0 /* ExampleProjectVIPTests.xctest */ = {isa = PBXFileReference; explicitFileType = wrapper.cfbundle; includeInIndex = 0; path = ExampleProjectVIPTests.xctest; sourceTree = BUILT_PRODUCTS_DIR; };
		48C9767125F10E42002215A0 /* ExampleProjectVIPTests.swift */ = {isa = PBXFileReference; lastKnownFileType = sourcecode.swift; path = ExampleProjectVIPTests.swift; sourceTree = "<group>"; };
		48C9767325F10E42002215A0 /* Info.plist */ = {isa = PBXFileReference; lastKnownFileType = text.plist.xml; path = Info.plist; sourceTree = "<group>"; };
		48C9767825F10E42002215A0 /* ExampleProjectVIPUITests.xctest */ = {isa = PBXFileReference; explicitFileType = wrapper.cfbundle; includeInIndex = 0; path = ExampleProjectVIPUITests.xctest; sourceTree = BUILT_PRODUCTS_DIR; };
		48C9767C25F10E42002215A0 /* ExampleProjectVIPUITests.swift */ = {isa = PBXFileReference; lastKnownFileType = sourcecode.swift; path = ExampleProjectVIPUITests.swift; sourceTree = "<group>"; };
		48C9767E25F10E42002215A0 /* Info.plist */ = {isa = PBXFileReference; lastKnownFileType = text.plist.xml; path = Info.plist; sourceTree = "<group>"; };
		48C9769625F111A3002215A0 /* ChangeColorView.swift */ = {isa = PBXFileReference; lastKnownFileType = sourcecode.swift; path = ChangeColorView.swift; sourceTree = "<group>"; };
		48C9769E25F111AB002215A0 /* ChangeColorViewController.swift */ = {isa = PBXFileReference; lastKnownFileType = sourcecode.swift; path = ChangeColorViewController.swift; sourceTree = "<group>"; };
		48C976A325F111B6002215A0 /* ChangeColorInteractor.swift */ = {isa = PBXFileReference; lastKnownFileType = sourcecode.swift; path = ChangeColorInteractor.swift; sourceTree = "<group>"; };
		48C976A825F111BF002215A0 /* ChangeColorPresenter.swift */ = {isa = PBXFileReference; lastKnownFileType = sourcecode.swift; path = ChangeColorPresenter.swift; sourceTree = "<group>"; };
		48C976AD25F111CC002215A0 /* ChangeColorAssembler.swift */ = {isa = PBXFileReference; lastKnownFileType = sourcecode.swift; path = ChangeColorAssembler.swift; sourceTree = "<group>"; };
		48C976B325F111FC002215A0 /* ChangeColorSceneModels.swift */ = {isa = PBXFileReference; lastKnownFileType = sourcecode.swift; path = ChangeColorSceneModels.swift; sourceTree = "<group>"; };
		48C976BD25F11342002215A0 /* CodedView.swift */ = {isa = PBXFileReference; lastKnownFileType = sourcecode.swift; path = CodedView.swift; sourceTree = "<group>"; };
/* End PBXFileReference section */

/* Begin PBXFrameworksBuildPhase section */
		48C9765425F10E3F002215A0 /* Frameworks */ = {
			isa = PBXFrameworksBuildPhase;
			buildActionMask = 2147483647;
			files = (
			);
			runOnlyForDeploymentPostprocessing = 0;
		};
		48C9766A25F10E42002215A0 /* Frameworks */ = {
			isa = PBXFrameworksBuildPhase;
			buildActionMask = 2147483647;
			files = (
			);
			runOnlyForDeploymentPostprocessing = 0;
		};
		48C9767525F10E42002215A0 /* Frameworks */ = {
			isa = PBXFrameworksBuildPhase;
			buildActionMask = 2147483647;
			files = (
			);
			runOnlyForDeploymentPostprocessing = 0;
		};
/* End PBXFrameworksBuildPhase section */

/* Begin PBXGroup section */
		48C9764E25F10E3F002215A0 = {
			isa = PBXGroup;
			children = (
				48C9765925F10E3F002215A0 /* ExampleProjectVIP */,
				48C9767025F10E42002215A0 /* ExampleProjectVIPTests */,
				48C9767B25F10E42002215A0 /* ExampleProjectVIPUITests */,
				48C9765825F10E3F002215A0 /* Products */,
			);
			sourceTree = "<group>";
		};
		48C9765825F10E3F002215A0 /* Products */ = {
			isa = PBXGroup;
			children = (
				48C9765725F10E3F002215A0 /* ExampleProjectVIP.app */,
				48C9766D25F10E42002215A0 /* ExampleProjectVIPTests.xctest */,
				48C9767825F10E42002215A0 /* ExampleProjectVIPUITests.xctest */,
			);
			name = Products;
			sourceTree = "<group>";
		};
		48C9765925F10E3F002215A0 /* ExampleProjectVIP */ = {
			isa = PBXGroup;
			children = (
				48C9766825F10E42002215A0 /* Info.plist */,
				4889CDEE25F11E7D0067F06B /* LaunchScreen.storyboard */,
				48C9765A25F10E3F002215A0 /* AppDelegate.swift */,
				48C9765C25F10E3F002215A0 /* SceneDelegate.swift */,
				48C9765E25F10E3F002215A0 /* ViewController.swift */,
				48C9766325F10E42002215A0 /* Assets.xcassets */,
				48C976BC25F112E6002215A0 /* Extensions */,
				48C976B825F1127A002215A0 /* Scenes */,
			);
			path = ExampleProjectVIP;
			sourceTree = "<group>";
		};
		48C9767025F10E42002215A0 /* ExampleProjectVIPTests */ = {
			isa = PBXGroup;
			children = (
				48C9767125F10E42002215A0 /* ExampleProjectVIPTests.swift */,
				48C9767325F10E42002215A0 /* Info.plist */,
			);
			path = ExampleProjectVIPTests;
			sourceTree = "<group>";
		};
		48C9767B25F10E42002215A0 /* ExampleProjectVIPUITests */ = {
			isa = PBXGroup;
			children = (
				48C9767C25F10E42002215A0 /* ExampleProjectVIPUITests.swift */,
				48C9767E25F10E42002215A0 /* Info.plist */,
			);
			path = ExampleProjectVIPUITests;
			sourceTree = "<group>";
		};
		48C9769425F1112A002215A0 /* ChangeColorScene */ = {
			isa = PBXGroup;
			children = (
				48C976AD25F111CC002215A0 /* ChangeColorAssembler.swift */,
				48C976A325F111B6002215A0 /* ChangeColorInteractor.swift */,
				48C976A825F111BF002215A0 /* ChangeColorPresenter.swift */,
				48C976B325F111FC002215A0 /* ChangeColorSceneModels.swift */,
				48C9769E25F111AB002215A0 /* ChangeColorViewController.swift */,
				48C976B225F111D6002215A0 /* View */,
			);
			path = ChangeColorScene;
			sourceTree = "<group>";
		};
		48C976B225F111D6002215A0 /* View */ = {
			isa = PBXGroup;
			children = (
				48C9769625F111A3002215A0 /* ChangeColorView.swift */,
			);
			path = View;
			sourceTree = "<group>";
		};
		48C976B825F1127A002215A0 /* Scenes */ = {
			isa = PBXGroup;
			children = (
				48C9769425F1112A002215A0 /* ChangeColorScene */,
			);
			path = Scenes;
			sourceTree = "<group>";
		};
		48C976BC25F112E6002215A0 /* Extensions */ = {
			isa = PBXGroup;
			children = (
				48C976BD25F11342002215A0 /* CodedView.swift */,
			);
			path = Extensions;
			sourceTree = "<group>";
		};
/* End PBXGroup section */

/* Begin PBXNativeTarget section */
		48C9765625F10E3F002215A0 /* ExampleProjectVIP */ = {
			isa = PBXNativeTarget;
			buildConfigurationList = 48C9768125F10E42002215A0 /* Build configuration list for PBXNativeTarget "ExampleProjectVIP" */;
			buildPhases = (
				48C9765325F10E3F002215A0 /* Sources */,
				48C9765425F10E3F002215A0 /* Frameworks */,
				48C9765525F10E3F002215A0 /* Resources */,
			);
			buildRules = (
			);
			dependencies = (
			);
			name = ExampleProjectVIP;
			productName = ExampleProjectVIP;
			productReference = 48C9765725F10E3F002215A0 /* ExampleProjectVIP.app */;
			productType = "com.apple.product-type.application";
		};
		48C9766C25F10E42002215A0 /* ExampleProjectVIPTests */ = {
			isa = PBXNativeTarget;
			buildConfigurationList = 48C9768425F10E42002215A0 /* Build configuration list for PBXNativeTarget "ExampleProjectVIPTests" */;
			buildPhases = (
				48C9766925F10E42002215A0 /* Sources */,
				48C9766A25F10E42002215A0 /* Frameworks */,
				48C9766B25F10E42002215A0 /* Resources */,
			);
			buildRules = (
			);
			dependencies = (
				48C9766F25F10E42002215A0 /* PBXTargetDependency */,
			);
			name = ExampleProjectVIPTests;
			productName = ExampleProjectVIPTests;
			productReference = 48C9766D25F10E42002215A0 /* ExampleProjectVIPTests.xctest */;
			productType = "com.apple.product-type.bundle.unit-test";
		};
		48C9767725F10E42002215A0 /* ExampleProjectVIPUITests */ = {
			isa = PBXNativeTarget;
			buildConfigurationList = 48C9768725F10E42002215A0 /* Build configuration list for PBXNativeTarget "ExampleProjectVIPUITests" */;
			buildPhases = (
				48C9767425F10E42002215A0 /* Sources */,
				48C9767525F10E42002215A0 /* Frameworks */,
				48C9767625F10E42002215A0 /* Resources */,
			);
			buildRules = (
			);
			dependencies = (
				48C9767A25F10E42002215A0 /* PBXTargetDependency */,
			);
			name = ExampleProjectVIPUITests;
			productName = ExampleProjectVIPUITests;
			productReference = 48C9767825F10E42002215A0 /* ExampleProjectVIPUITests.xctest */;
			productType = "com.apple.product-type.bundle.ui-testing";
		};
/* End PBXNativeTarget section */

/* Begin PBXProject section */
		48C9764F25F10E3F002215A0 /* Project object */ = {
			isa = PBXProject;
			attributes = {
				LastSwiftUpdateCheck = 1240;
				LastUpgradeCheck = 1240;
				TargetAttributes = {
					48C9765625F10E3F002215A0 = {
						CreatedOnToolsVersion = 12.4;
					};
					48C9766C25F10E42002215A0 = {
						CreatedOnToolsVersion = 12.4;
						TestTargetID = 48C9765625F10E3F002215A0;
					};
					48C9767725F10E42002215A0 = {
						CreatedOnToolsVersion = 12.4;
						TestTargetID = 48C9765625F10E3F002215A0;
					};
				};
			};
			buildConfigurationList = 48C9765225F10E3F002215A0 /* Build configuration list for PBXProject "ExampleProjectVIP" */;
			compatibilityVersion = "Xcode 9.3";
			developmentRegion = en;
			hasScannedForEncodings = 0;
			knownRegions = (
				en,
				Base,
			);
			mainGroup = 48C9764E25F10E3F002215A0;
			productRefGroup = 48C9765825F10E3F002215A0 /* Products */;
			projectDirPath = "";
			projectRoot = "";
			targets = (
				48C9765625F10E3F002215A0 /* ExampleProjectVIP */,
				48C9766C25F10E42002215A0 /* ExampleProjectVIPTests */,
				48C9767725F10E42002215A0 /* ExampleProjectVIPUITests */,
			);
		};
/* End PBXProject section */

/* Begin PBXResourcesBuildPhase section */
		48C9765525F10E3F002215A0 /* Resources */ = {
			isa = PBXResourcesBuildPhase;
			buildActionMask = 2147483647;
			files = (
				48C9766425F10E42002215A0 /* Assets.xcassets in Resources */,
				483F81EC25FBDD30000FD899 /* LaunchScreen.storyboard in Resources */,
			);
			runOnlyForDeploymentPostprocessing = 0;
		};
		48C9766B25F10E42002215A0 /* Resources */ = {
			isa = PBXResourcesBuildPhase;
			buildActionMask = 2147483647;
			files = (
			);
			runOnlyForDeploymentPostprocessing = 0;
		};
		48C9767625F10E42002215A0 /* Resources */ = {
			isa = PBXResourcesBuildPhase;
			buildActionMask = 2147483647;
			files = (
			);
			runOnlyForDeploymentPostprocessing = 0;
		};
/* End PBXResourcesBuildPhase section */

/* Begin PBXSourcesBuildPhase section */
		48C9765325F10E3F002215A0 /* Sources */ = {
			isa = PBXSourcesBuildPhase;
			buildActionMask = 2147483647;
			files = (
				48C976AE25F111CC002215A0 /* ChangeColorAssembler.swift in Sources */,
				48C976B425F111FC002215A0 /* ChangeColorSceneModels.swift in Sources */,
				48C976A425F111B6002215A0 /* ChangeColorInteractor.swift in Sources */,
				48C9769725F111A3002215A0 /* ChangeColorView.swift in Sources */,
				48C976A925F111BF002215A0 /* ChangeColorPresenter.swift in Sources */,
				48C9765F25F10E3F002215A0 /* ViewController.swift in Sources */,
				48C9769F25F111AB002215A0 /* ChangeColorViewController.swift in Sources */,
				48C9765B25F10E3F002215A0 /* AppDelegate.swift in Sources */,
				48C976BE25F11342002215A0 /* CodedView.swift in Sources */,
				48C9765D25F10E3F002215A0 /* SceneDelegate.swift in Sources */,
			);
			runOnlyForDeploymentPostprocessing = 0;
		};
		48C9766925F10E42002215A0 /* Sources */ = {
			isa = PBXSourcesBuildPhase;
			buildActionMask = 2147483647;
			files = (
				48C9767225F10E42002215A0 /* ExampleProjectVIPTests.swift in Sources */,
			);
			runOnlyForDeploymentPostprocessing = 0;
		};
		48C9767425F10E42002215A0 /* Sources */ = {
			isa = PBXSourcesBuildPhase;
			buildActionMask = 2147483647;
			files = (
				48C9767D25F10E42002215A0 /* ExampleProjectVIPUITests.swift in Sources */,
			);
			runOnlyForDeploymentPostprocessing = 0;
		};
/* End PBXSourcesBuildPhase section */

/* Begin PBXTargetDependency section */
		48C9766F25F10E42002215A0 /* PBXTargetDependency */ = {
			isa = PBXTargetDependency;
			target = 48C9765625F10E3F002215A0 /* ExampleProjectVIP */;
			targetProxy = 48C9766E25F10E42002215A0 /* PBXContainerItemProxy */;
		};
		48C9767A25F10E42002215A0 /* PBXTargetDependency */ = {
			isa = PBXTargetDependency;
			target = 48C9765625F10E3F002215A0 /* ExampleProjectVIP */;
			targetProxy = 48C9767925F10E42002215A0 /* PBXContainerItemProxy */;
		};
/* End PBXTargetDependency section */

/* Begin XCBuildConfiguration section */
		48C9767F25F10E42002215A0 /* Debug */ = {
			isa = XCBuildConfiguration;
			buildSettings = {
				ALWAYS_SEARCH_USER_PATHS = NO;
				CLANG_ANALYZER_NONNULL = YES;
				CLANG_ANALYZER_NUMBER_OBJECT_CONVERSION = YES_AGGRESSIVE;
				CLANG_CXX_LANGUAGE_STANDARD = "gnu++14";
				CLANG_CXX_LIBRARY = "libc++";
				CLANG_ENABLE_MODULES = YES;
				CLANG_ENABLE_OBJC_ARC = YES;
				CLANG_ENABLE_OBJC_WEAK = YES;
				CLANG_WARN_BLOCK_CAPTURE_AUTORELEASING = YES;
				CLANG_WARN_BOOL_CONVERSION = YES;
				CLANG_WARN_COMMA = YES;
				CLANG_WARN_CONSTANT_CONVERSION = YES;
				CLANG_WARN_DEPRECATED_OBJC_IMPLEMENTATIONS = YES;
				CLANG_WARN_DIRECT_OBJC_ISA_USAGE = YES_ERROR;
				CLANG_WARN_DOCUMENTATION_COMMENTS = YES;
				CLANG_WARN_EMPTY_BODY = YES;
				CLANG_WARN_ENUM_CONVERSION = YES;
				CLANG_WARN_INFINITE_RECURSION = YES;
				CLANG_WARN_INT_CONVERSION = YES;
				CLANG_WARN_NON_LITERAL_NULL_CONVERSION = YES;
				CLANG_WARN_OBJC_IMPLICIT_RETAIN_SELF = YES;
				CLANG_WARN_OBJC_LITERAL_CONVERSION = YES;
				CLANG_WARN_OBJC_ROOT_CLASS = YES_ERROR;
				CLANG_WARN_QUOTED_INCLUDE_IN_FRAMEWORK_HEADER = YES;
				CLANG_WARN_RANGE_LOOP_ANALYSIS = YES;
				CLANG_WARN_STRICT_PROTOTYPES = YES;
				CLANG_WARN_SUSPICIOUS_MOVE = YES;
				CLANG_WARN_UNGUARDED_AVAILABILITY = YES_AGGRESSIVE;
				CLANG_WARN_UNREACHABLE_CODE = YES;
				CLANG_WARN__DUPLICATE_METHOD_MATCH = YES;
				COPY_PHASE_STRIP = NO;
				DEBUG_INFORMATION_FORMAT = dwarf;
				ENABLE_STRICT_OBJC_MSGSEND = YES;
				ENABLE_TESTABILITY = YES;
				GCC_C_LANGUAGE_STANDARD = gnu11;
				GCC_DYNAMIC_NO_PIC = NO;
				GCC_NO_COMMON_BLOCKS = YES;
				GCC_OPTIMIZATION_LEVEL = 0;
				GCC_PREPROCESSOR_DEFINITIONS = (
					"DEBUG=1",
					"$(inherited)",
				);
				GCC_WARN_64_TO_32_BIT_CONVERSION = YES;
				GCC_WARN_ABOUT_RETURN_TYPE = YES_ERROR;
				GCC_WARN_UNDECLARED_SELECTOR = YES;
				GCC_WARN_UNINITIALIZED_AUTOS = YES_AGGRESSIVE;
				GCC_WARN_UNUSED_FUNCTION = YES;
				GCC_WARN_UNUSED_VARIABLE = YES;
				IPHONEOS_DEPLOYMENT_TARGET = 14.4;
				MTL_ENABLE_DEBUG_INFO = INCLUDE_SOURCE;
				MTL_FAST_MATH = YES;
				ONLY_ACTIVE_ARCH = YES;
				SDKROOT = iphoneos;
				SWIFT_ACTIVE_COMPILATION_CONDITIONS = DEBUG;
				SWIFT_OPTIMIZATION_LEVEL = "-Onone";
			};
			name = Debug;
		};
		48C9768025F10E42002215A0 /* Release */ = {
			isa = XCBuildConfiguration;
			buildSettings = {
				ALWAYS_SEARCH_USER_PATHS = NO;
				CLANG_ANALYZER_NONNULL = YES;
				CLANG_ANALYZER_NUMBER_OBJECT_CONVERSION = YES_AGGRESSIVE;
				CLANG_CXX_LANGUAGE_STANDARD = "gnu++14";
				CLANG_CXX_LIBRARY = "libc++";
				CLANG_ENABLE_MODULES = YES;
				CLANG_ENABLE_OBJC_ARC = YES;
				CLANG_ENABLE_OBJC_WEAK = YES;
				CLANG_WARN_BLOCK_CAPTURE_AUTORELEASING = YES;
				CLANG_WARN_BOOL_CONVERSION = YES;
				CLANG_WARN_COMMA = YES;
				CLANG_WARN_CONSTANT_CONVERSION = YES;
				CLANG_WARN_DEPRECATED_OBJC_IMPLEMENTATIONS = YES;
				CLANG_WARN_DIRECT_OBJC_ISA_USAGE = YES_ERROR;
				CLANG_WARN_DOCUMENTATION_COMMENTS = YES;
				CLANG_WARN_EMPTY_BODY = YES;
				CLANG_WARN_ENUM_CONVERSION = YES;
				CLANG_WARN_INFINITE_RECURSION = YES;
				CLANG_WARN_INT_CONVERSION = YES;
				CLANG_WARN_NON_LITERAL_NULL_CONVERSION = YES;
				CLANG_WARN_OBJC_IMPLICIT_RETAIN_SELF = YES;
				CLANG_WARN_OBJC_LITERAL_CONVERSION = YES;
				CLANG_WARN_OBJC_ROOT_CLASS = YES_ERROR;
				CLANG_WARN_QUOTED_INCLUDE_IN_FRAMEWORK_HEADER = YES;
				CLANG_WARN_RANGE_LOOP_ANALYSIS = YES;
				CLANG_WARN_STRICT_PROTOTYPES = YES;
				CLANG_WARN_SUSPICIOUS_MOVE = YES;
				CLANG_WARN_UNGUARDED_AVAILABILITY = YES_AGGRESSIVE;
				CLANG_WARN_UNREACHABLE_CODE = YES;
				CLANG_WARN__DUPLICATE_METHOD_MATCH = YES;
				COPY_PHASE_STRIP = NO;
				DEBUG_INFORMATION_FORMAT = "dwarf-with-dsym";
				ENABLE_NS_ASSERTIONS = NO;
				ENABLE_STRICT_OBJC_MSGSEND = YES;
				GCC_C_LANGUAGE_STANDARD = gnu11;
				GCC_NO_COMMON_BLOCKS = YES;
				GCC_WARN_64_TO_32_BIT_CONVERSION = YES;
				GCC_WARN_ABOUT_RETURN_TYPE = YES_ERROR;
				GCC_WARN_UNDECLARED_SELECTOR = YES;
				GCC_WARN_UNINITIALIZED_AUTOS = YES_AGGRESSIVE;
				GCC_WARN_UNUSED_FUNCTION = YES;
				GCC_WARN_UNUSED_VARIABLE = YES;
				IPHONEOS_DEPLOYMENT_TARGET = 14.4;
				MTL_ENABLE_DEBUG_INFO = NO;
				MTL_FAST_MATH = YES;
				SDKROOT = iphoneos;
				SWIFT_COMPILATION_MODE = wholemodule;
				SWIFT_OPTIMIZATION_LEVEL = "-O";
				VALIDATE_PRODUCT = YES;
			};
			name = Release;
		};
		48C9768225F10E42002215A0 /* Debug */ = {
			isa = XCBuildConfiguration;
			buildSettings = {
				ASSETCATALOG_COMPILER_APPICON_NAME = AppIcon;
				ASSETCATALOG_COMPILER_GLOBAL_ACCENT_COLOR_NAME = AccentColor;
				CODE_SIGN_STYLE = Automatic;
				DEVELOPMENT_TEAM = ZSLUMCNRNL;
				INFOPLIST_FILE = ExampleProjectVIP/Info.plist;
				LD_RUNPATH_SEARCH_PATHS = (
					"$(inherited)",
					"@executable_path/Frameworks",
				);
				PRODUCT_BUNDLE_IDENTIFIER = pedrovargas.ExampleProjectVIP;
				PRODUCT_NAME = "$(TARGET_NAME)";
				SWIFT_VERSION = 5.0;
				TARGETED_DEVICE_FAMILY = "1,2";
			};
			name = Debug;
		};
		48C9768325F10E42002215A0 /* Release */ = {
			isa = XCBuildConfiguration;
			buildSettings = {
				ASSETCATALOG_COMPILER_APPICON_NAME = AppIcon;
				ASSETCATALOG_COMPILER_GLOBAL_ACCENT_COLOR_NAME = AccentColor;
				CODE_SIGN_STYLE = Automatic;
				DEVELOPMENT_TEAM = ZSLUMCNRNL;
				INFOPLIST_FILE = ExampleProjectVIP/Info.plist;
				LD_RUNPATH_SEARCH_PATHS = (
					"$(inherited)",
					"@executable_path/Frameworks",
				);
				PRODUCT_BUNDLE_IDENTIFIER = pedrovargas.ExampleProjectVIP;
				PRODUCT_NAME = "$(TARGET_NAME)";
				SWIFT_VERSION = 5.0;
				TARGETED_DEVICE_FAMILY = "1,2";
			};
			name = Release;
		};
		48C9768525F10E42002215A0 /* Debug */ = {
			isa = XCBuildConfiguration;
			buildSettings = {
				ALWAYS_EMBED_SWIFT_STANDARD_LIBRARIES = YES;
				BUNDLE_LOADER = "$(TEST_HOST)";
				CODE_SIGN_STYLE = Automatic;
				DEVELOPMENT_TEAM = ZSLUMCNRNL;
				INFOPLIST_FILE = ExampleProjectVIPTests/Info.plist;
				IPHONEOS_DEPLOYMENT_TARGET = 14.4;
				LD_RUNPATH_SEARCH_PATHS = (
					"$(inherited)",
					"@executable_path/Frameworks",
					"@loader_path/Frameworks",
				);
				PRODUCT_BUNDLE_IDENTIFIER = pedrovargas.ExampleProjectVIPTests;
				PRODUCT_NAME = "$(TARGET_NAME)";
				SWIFT_VERSION = 5.0;
				TARGETED_DEVICE_FAMILY = "1,2";
				TEST_HOST = "$(BUILT_PRODUCTS_DIR)/ExampleProjectVIP.app/ExampleProjectVIP";
			};
			name = Debug;
		};
		48C9768625F10E42002215A0 /* Release */ = {
			isa = XCBuildConfiguration;
			buildSettings = {
				ALWAYS_EMBED_SWIFT_STANDARD_LIBRARIES = YES;
				BUNDLE_LOADER = "$(TEST_HOST)";
				CODE_SIGN_STYLE = Automatic;
				DEVELOPMENT_TEAM = ZSLUMCNRNL;
				INFOPLIST_FILE = ExampleProjectVIPTests/Info.plist;
				IPHONEOS_DEPLOYMENT_TARGET = 14.4;
				LD_RUNPATH_SEARCH_PATHS = (
					"$(inherited)",
					"@executable_path/Frameworks",
					"@loader_path/Frameworks",
				);
				PRODUCT_BUNDLE_IDENTIFIER = pedrovargas.ExampleProjectVIPTests;
				PRODUCT_NAME = "$(TARGET_NAME)";
				SWIFT_VERSION = 5.0;
				TARGETED_DEVICE_FAMILY = "1,2";
				TEST_HOST = "$(BUILT_PRODUCTS_DIR)/ExampleProjectVIP.app/ExampleProjectVIP";
			};
			name = Release;
		};
		48C9768825F10E42002215A0 /* Debug */ = {
			isa = XCBuildConfiguration;
			buildSettings = {
				ALWAYS_EMBED_SWIFT_STANDARD_LIBRARIES = YES;
				CODE_SIGN_STYLE = Automatic;
				DEVELOPMENT_TEAM = ZSLUMCNRNL;
				INFOPLIST_FILE = ExampleProjectVIPUITests/Info.plist;
				LD_RUNPATH_SEARCH_PATHS = (
					"$(inherited)",
					"@executable_path/Frameworks",
					"@loader_path/Frameworks",
				);
				PRODUCT_BUNDLE_IDENTIFIER = pedrovargas.ExampleProjectVIPUITests;
				PRODUCT_NAME = "$(TARGET_NAME)";
				SWIFT_VERSION = 5.0;
				TARGETED_DEVICE_FAMILY = "1,2";
				TEST_TARGET_NAME = ExampleProjectVIP;
			};
			name = Debug;
		};
		48C9768925F10E42002215A0 /* Release */ = {
			isa = XCBuildConfiguration;
			buildSettings = {
				ALWAYS_EMBED_SWIFT_STANDARD_LIBRARIES = YES;
				CODE_SIGN_STYLE = Automatic;
				DEVELOPMENT_TEAM = ZSLUMCNRNL;
				INFOPLIST_FILE = ExampleProjectVIPUITests/Info.plist;
				LD_RUNPATH_SEARCH_PATHS = (
					"$(inherited)",
					"@executable_path/Frameworks",
					"@loader_path/Frameworks",
				);
				PRODUCT_BUNDLE_IDENTIFIER = pedrovargas.ExampleProjectVIPUITests;
				PRODUCT_NAME = "$(TARGET_NAME)";
				SWIFT_VERSION = 5.0;
				TARGETED_DEVICE_FAMILY = "1,2";
				TEST_TARGET_NAME = ExampleProjectVIP;
			};
			name = Release;
		};
/* End XCBuildConfiguration section */

/* Begin XCConfigurationList section */
		48C9765225F10E3F002215A0 /* Build configuration list for PBXProject "ExampleProjectVIP" */ = {
			isa = XCConfigurationList;
			buildConfigurations = (
				48C9767F25F10E42002215A0 /* Debug */,
				48C9768025F10E42002215A0 /* Release */,
			);
			defaultConfigurationIsVisible = 0;
			defaultConfigurationName = Release;
		};
		48C9768125F10E42002215A0 /* Build configuration list for PBXNativeTarget "ExampleProjectVIP" */ = {
			isa = XCConfigurationList;
			buildConfigurations = (
				48C9768225F10E42002215A0 /* Debug */,
				48C9768325F10E42002215A0 /* Release */,
			);
			defaultConfigurationIsVisible = 0;
			defaultConfigurationName = Release;
		};
		48C9768425F10E42002215A0 /* Build configuration list for PBXNativeTarget "ExampleProjectVIPTests" */ = {
			isa = XCConfigurationList;
			buildConfigurations = (
				48C9768525F10E42002215A0 /* Debug */,
				48C9768625F10E42002215A0 /* Release */,
			);
			defaultConfigurationIsVisible = 0;
			defaultConfigurationName = Release;
		};
		48C9768725F10E42002215A0 /* Build configuration list for PBXNativeTarget "ExampleProjectVIPUITests" */ = {
			isa = XCConfigurationList;
			buildConfigurations = (
				48C9768825F10E42002215A0 /* Debug */,
				48C9768925F10E42002215A0 /* Release */,
			);
			defaultConfigurationIsVisible = 0;
			defaultConfigurationName = Release;
		};
/* End XCConfigurationList section */
	};
	rootObject = 48C9764F25F10E3F002215A0 /* Project object */;
}
